
Microsoft Visual Studio Solution File, Format Version 12.00
# Visual Studio Version 16
VisualStudioVersion = 16.0.30128.74
MinimumVisualStudioVersion = 10.0.40219.1
Project("{8BC9CEB8-8B4A-11D0-8D11-00A0C91BC942}") = "NWNX4_Controller", "controller\controller.vcxproj", "{4187545D-C3EE-4B22-A6FD-47B8057200D1}"
	ProjectSection(ProjectDependencies) = postProject
		{DDE52DBA-3A6E-4038-A8AA-E150577D9E8D} = {DDE52DBA-3A6E-4038-A8AA-E150577D9E8D}
	EndProjectSection
EndProject
Project("{8BC9CEB8-8B4A-11D0-8D11-00A0C91BC942}") = "NWNX4_Hook", "hook\NWNX4 Hook.vcxproj", "{DDE52DBA-3A6E-4038-A8AA-E150577D9E8D}"
EndProject
Project("{8BC9CEB8-8B4A-11D0-8D11-00A0C91BC942}") = "xp_time", "plugins\time\time.vcxproj", "{C31F5D33-4229-44F9-B6AD-F3A70E67AC4A}"
EndProject
Project("{8BC9CEB8-8B4A-11D0-8D11-00A0C91BC942}") = "xp_sqlite", "plugins\sqlite\sqlite.vcxproj", "{05827073-4340-40AD-892A-227C761F5622}"
EndProject
Project("{8BC9CEB8-8B4A-11D0-8D11-00A0C91BC942}") = "xp_mysql", "plugins\mysql\mysql.vcxproj", "{7468B0D2-5865-4416-8AFB-E688008DE091}"
EndProject
Project("{8BC9CEB8-8B4A-11D0-8D11-00A0C91BC942}") = "Detours", "..\lib\detours\src\Detours.vcxproj", "{D3A8C510-DFB8-4534-AC84-B1EB4BC2C452}"
EndProject
Project("{8BC9CEB8-8B4A-11D0-8D11-00A0C91BC942}") = "xp_profiler", "plugins\profiler\profiler.vcxproj", "{7CA75742-EBBE-46FB-AE83-4EA5C280458B}"
EndProject
Project("{8BC9CEB8-8B4A-11D0-8D11-00A0C91BC942}") = "xp_pickpocket", "plugins\pickpocket\pickpocket.vcxproj", "{A2F26FB0-EDF0-44B4-B69F-1A0925E9EE3E}"
EndProject
Project("{8BC9CEB8-8B4A-11D0-8D11-00A0C91BC942}") = "xp_chat", "plugins\chat\chat.vcxproj", "{76973E1B-FCFE-48E9-9893-4D41326167D8}"
EndProject
Project("{8BC9CEB8-8B4A-11D0-8D11-00A0C91BC942}") = "xp_funcs", "plugins\funcs\funcs.vcxproj", "{D1117291-5C67-4CC8-95A8-00CEA5619956}"
EndProject
Project("{8BC9CEB8-8B4A-11D0-8D11-00A0C91BC942}") = "xp_leto", "plugins\leto\leto.vcxproj", "{1320C3FE-ACF3-4F58-9C65-C96DFF99A2DB}"
EndProject
Project("{8BC9CEB8-8B4A-11D0-8D11-00A0C91BC942}") = "xp_vaultster", "plugins\vaultster\vaultster.vcxproj", "{C537EB77-E2E2-425E-8B3B-2BFAA8634239}"
EndProject
Project("{8BC9CEB8-8B4A-11D0-8D11-00A0C91BC942}") = "xp_fastboot", "plugins\xp_fastboot\xp_fastboot.vcxproj", "{2C14DF0D-A2E6-446E-AD2C-C9CCB5122C11}"
EndProject
Project("{8BC9CEB8-8B4A-11D0-8D11-00A0C91BC942}") = "xp_objectattributes", "plugins\xp_objectattributes\xp_objectattributes.vcxproj", "{F90DA4E6-2A30-4309-9EC3-810557632F8C}"
EndProject
Project("{8BC9CEB8-8B4A-11D0-8D11-00A0C91BC942}") = "xp_srvadmin", "plugins\xp_srvadmin\xp_srvadmin.vcxproj", "{51990569-1CDE-49A4-811E-627521633520}"
EndProject
Project("{8BC9CEB8-8B4A-11D0-8D11-00A0C91BC942}") = "xp_bugfix", "plugins\xp_bugfix\xp_bugfix.vcxproj", "{C7943931-B61F-449E-884B-8F2CAF71C802}"
EndProject
Global
	GlobalSection(SolutionConfigurationPlatforms) = preSolution
		Debug|Win32 = Debug|Win32
		Release|Win32 = Release|Win32
	EndGlobalSection
	GlobalSection(ProjectConfigurationPlatforms) = postSolution
		{4187545D-C3EE-4B22-A6FD-47B8057200D1}.Debug|Win32.ActiveCfg = Debug|Win32
		{4187545D-C3EE-4B22-A6FD-47B8057200D1}.Debug|Win32.Build.0 = Debug|Win32
		{4187545D-C3EE-4B22-A6FD-47B8057200D1}.Release|Win32.ActiveCfg = Release|Win32
		{4187545D-C3EE-4B22-A6FD-47B8057200D1}.Release|Win32.Build.0 = Release|Win32
		{DDE52DBA-3A6E-4038-A8AA-E150577D9E8D}.Debug|Win32.ActiveCfg = Debug|Win32
		{DDE52DBA-3A6E-4038-A8AA-E150577D9E8D}.Debug|Win32.Build.0 = Debug|Win32
		{DDE52DBA-3A6E-4038-A8AA-E150577D9E8D}.Release|Win32.ActiveCfg = Release|Win32
		{DDE52DBA-3A6E-4038-A8AA-E150577D9E8D}.Release|Win32.Build.0 = Release|Win32
		{C31F5D33-4229-44F9-B6AD-F3A70E67AC4A}.Debug|Win32.ActiveCfg = Debug|Win32
		{C31F5D33-4229-44F9-B6AD-F3A70E67AC4A}.Debug|Win32.Build.0 = Debug|Win32
		{C31F5D33-4229-44F9-B6AD-F3A70E67AC4A}.Release|Win32.ActiveCfg = Release|Win32
		{C31F5D33-4229-44F9-B6AD-F3A70E67AC4A}.Release|Win32.Build.0 = Release|Win32
		{05827073-4340-40AD-892A-227C761F5622}.Debug|Win32.ActiveCfg = Debug|Win32
		{05827073-4340-40AD-892A-227C761F5622}.Debug|Win32.Build.0 = Debug|Win32
		{05827073-4340-40AD-892A-227C761F5622}.Release|Win32.ActiveCfg = Release|Win32
		{05827073-4340-40AD-892A-227C761F5622}.Release|Win32.Build.0 = Release|Win32
		{7468B0D2-5865-4416-8AFB-E688008DE091}.Debug|Win32.ActiveCfg = Debug|Win32
		{7468B0D2-5865-4416-8AFB-E688008DE091}.Debug|Win32.Build.0 = Debug|Win32
		{7468B0D2-5865-4416-8AFB-E688008DE091}.Release|Win32.ActiveCfg = Release|Win32
		{7468B0D2-5865-4416-8AFB-E688008DE091}.Release|Win32.Build.0 = Release|Win32
		{D3A8C510-DFB8-4534-AC84-B1EB4BC2C452}.Debug|Win32.ActiveCfg = Debug|Win32
		{D3A8C510-DFB8-4534-AC84-B1EB4BC2C452}.Debug|Win32.Build.0 = Debug|Win32
		{D3A8C510-DFB8-4534-AC84-B1EB4BC2C452}.Release|Win32.ActiveCfg = Release|Win32
		{D3A8C510-DFB8-4534-AC84-B1EB4BC2C452}.Release|Win32.Build.0 = Release|Win32
		{7CA75742-EBBE-46FB-AE83-4EA5C280458B}.Debug|Win32.ActiveCfg = Debug|Win32
		{7CA75742-EBBE-46FB-AE83-4EA5C280458B}.Debug|Win32.Build.0 = Debug|Win32
		{7CA75742-EBBE-46FB-AE83-4EA5C280458B}.Release|Win32.ActiveCfg = Release|Win32
		{7CA75742-EBBE-46FB-AE83-4EA5C280458B}.Release|Win32.Build.0 = Release|Win32
		{A2F26FB0-EDF0-44B4-B69F-1A0925E9EE3E}.Debug|Win32.ActiveCfg = Debug|Win32
		{A2F26FB0-EDF0-44B4-B69F-1A0925E9EE3E}.Debug|Win32.Build.0 = Debug|Win32
		{A2F26FB0-EDF0-44B4-B69F-1A0925E9EE3E}.Release|Win32.ActiveCfg = Release|Win32
		{A2F26FB0-EDF0-44B4-B69F-1A0925E9EE3E}.Release|Win32.Build.0 = Release|Win32
		{76973E1B-FCFE-48E9-9893-4D41326167D8}.Debug|Win32.ActiveCfg = Debug|Win32
		{76973E1B-FCFE-48E9-9893-4D41326167D8}.Debug|Win32.Build.0 = Debug|Win32
		{76973E1B-FCFE-48E9-9893-4D41326167D8}.Release|Win32.ActiveCfg = Release|Win32
		{76973E1B-FCFE-48E9-9893-4D41326167D8}.Release|Win32.Build.0 = Release|Win32
		{D1117291-5C67-4CC8-95A8-00CEA5619956}.Debug|Win32.ActiveCfg = Debug|Win32
		{D1117291-5C67-4CC8-95A8-00CEA5619956}.Debug|Win32.Build.0 = Debug|Win32
		{D1117291-5C67-4CC8-95A8-00CEA5619956}.Release|Win32.ActiveCfg = Release|Win32
		{D1117291-5C67-4CC8-95A8-00CEA5619956}.Release|Win32.Build.0 = Release|Win32
		{1320C3FE-ACF3-4F58-9C65-C96DFF99A2DB}.Debug|Win32.ActiveCfg = Debug|Win32
		{1320C3FE-ACF3-4F58-9C65-C96DFF99A2DB}.Debug|Win32.Build.0 = Debug|Win32
		{1320C3FE-ACF3-4F58-9C65-C96DFF99A2DB}.Release|Win32.ActiveCfg = Release|Win32
		{1320C3FE-ACF3-4F58-9C65-C96DFF99A2DB}.Release|Win32.Build.0 = Release|Win32
		{C537EB77-E2E2-425E-8B3B-2BFAA8634239}.Debug|Win32.ActiveCfg = Debug|Win32
		{C537EB77-E2E2-425E-8B3B-2BFAA8634239}.Debug|Win32.Build.0 = Debug|Win32
		{C537EB77-E2E2-425E-8B3B-2BFAA8634239}.Release|Win32.ActiveCfg = Release|Win32
		{C537EB77-E2E2-425E-8B3B-2BFAA8634239}.Release|Win32.Build.0 = Release|Win32
		{2C14DF0D-A2E6-446E-AD2C-C9CCB5122C11}.Debug|Win32.ActiveCfg = Debug|Win32
		{2C14DF0D-A2E6-446E-AD2C-C9CCB5122C11}.Debug|Win32.Build.0 = Debug|Win32
		{2C14DF0D-A2E6-446E-AD2C-C9CCB5122C11}.Release|Win32.ActiveCfg = Release|Win32
		{2C14DF0D-A2E6-446E-AD2C-C9CCB5122C11}.Release|Win32.Build.0 = Release|Win32
		{F90DA4E6-2A30-4309-9EC3-810557632F8C}.Debug|Win32.ActiveCfg = Debug|Win32
		{F90DA4E6-2A30-4309-9EC3-810557632F8C}.Debug|Win32.Build.0 = Debug|Win32
		{F90DA4E6-2A30-4309-9EC3-810557632F8C}.Release|Win32.ActiveCfg = Release|Win32
		{F90DA4E6-2A30-4309-9EC3-810557632F8C}.Release|Win32.Build.0 = Release|Win32
		{51990569-1CDE-49A4-811E-627521633520}.Debug|Win32.ActiveCfg = Debug|Win32
		{51990569-1CDE-49A4-811E-627521633520}.Debug|Win32.Build.0 = Debug|Win32
		{51990569-1CDE-49A4-811E-627521633520}.Release|Win32.ActiveCfg = Release|Win32
		{51990569-1CDE-49A4-811E-627521633520}.Release|Win32.Build.0 = Release|Win32
		{C7943931-B61F-449E-884B-8F2CAF71C802}.Debug|Win32.ActiveCfg = Debug|Win32
		{C7943931-B61F-449E-884B-8F2CAF71C802}.Debug|Win32.Build.0 = Debug|Win32
		{C7943931-B61F-449E-884B-8F2CAF71C802}.Release|Win32.ActiveCfg = Release|Win32
		{C7943931-B61F-449E-884B-8F2CAF71C802}.Release|Win32.Build.0 = Release|Win32
	EndGlobalSection
	GlobalSection(SolutionProperties) = preSolution
		HideSolutionNode = FALSE
	EndGlobalSection
	GlobalSection(ExtensibilityGlobals) = postSolution
		SolutionGuid = {53849793-94D7-4F6D-89FA-486F2CA7C0B0}
	EndGlobalSection
EndGlobal
